{
  "name": "thrones-ipsum_client",
  "version": "0.1.0",
  "lockfileVersion": 1,
  "requires": true,
  "dependencies": {
    "bourbon": {
      "version": "4.3.4",
      "resolved": "https://registry.npmjs.org/bourbon/-/bourbon-4.3.4.tgz",
      "integrity": "sha1-TaOAAp6SwMj5dkx3lFGhNLEefMM=",
      "dev": true
    },
    "node-bourbon": {
      "version": "4.2.8",
      "resolved": "https://registry.npmjs.org/node-bourbon/-/node-bourbon-4.2.8.tgz",
      "integrity": "sha1-5ETx8JQ0q3ZQ6jGMKOLhA9P5Qs0=",
      "dev": true,
      "requires": {
        "bourbon": "^4.2.6"
      }
    }
  }
}
